// !$*UTF8*$!
{
	archiveVersion = 1;
	classes = {
	};
	objectVersion = 55;
	objects = {

/* Begin PBXBuildFile section */
		364B05D628BD96AC007D3ECF /* BLEPeripheralController.swift in Sources */ = {isa = PBXBuildFile; fileRef = 364B05D528BD96AC007D3ECF /* BLEPeripheralController.swift */; };
		364B05DA28BD9887007D3ECF /* ExternalAccessory.framework in Frameworks */ = {isa = PBXBuildFile; fileRef = 364B05D928BD9887007D3ECF /* ExternalAccessory.framework */; };
		364B05DE28BF81BA007D3ECF /* CodeScanner.swift in Sources */ = {isa = PBXBuildFile; fileRef = 364B05DC28BF81B9007D3ECF /* CodeScanner.swift */; };
		364B05DF28BF81BA007D3ECF /* ScannerViewController.swift in Sources */ = {isa = PBXBuildFile; fileRef = 364B05DD28BF81BA007D3ECF /* ScannerViewController.swift */; };
		364B05E328BFA32D007D3ECF /* Utility.swift in Sources */ = {isa = PBXBuildFile; fileRef = 364B05E228BFA32D007D3ECF /* Utility.swift */; };
		364B05E528BFA6DD007D3ECF /* HttpTransactions.swift in Sources */ = {isa = PBXBuildFile; fileRef = 364B05E428BFA6DD007D3ECF /* HttpTransactions.swift */; };
		36B19B9528AB11F20040136D /* BioAuthenticatorApp.swift in Sources */ = {isa = PBXBuildFile; fileRef = 36B19B9428AB11F20040136D /* BioAuthenticatorApp.swift */; };
		36B19B9728AB11F20040136D /* ContentView.swift in Sources */ = {isa = PBXBuildFile; fileRef = 36B19B9628AB11F20040136D /* ContentView.swift */; };
		36B19B9928AB11F80040136D /* Assets.xcassets in Resources */ = {isa = PBXBuildFile; fileRef = 36B19B9828AB11F80040136D /* Assets.xcassets */; };
		36B19B9C28AB11F80040136D /* Preview Assets.xcassets in Resources */ = {isa = PBXBuildFile; fileRef = 36B19B9B28AB11F80040136D /* Preview Assets.xcassets */; };
		36B19B9E28AB11F80040136D /* Persistence.swift in Sources */ = {isa = PBXBuildFile; fileRef = 36B19B9D28AB11F80040136D /* Persistence.swift */; };
		36B19BA128AB11F80040136D /* BioAuthenticator.xcdatamodeld in Sources */ = {isa = PBXBuildFile; fileRef = 36B19B9F28AB11F80040136D /* BioAuthenticator.xcdatamodeld */; };
/* End PBXBuildFile section */

/* Begin PBXFileReference section */
		364B05D528BD96AC007D3ECF /* BLEPeripheralController.swift */ = {isa = PBXFileReference; lastKnownFileType = sourcecode.swift; path = BLEPeripheralController.swift; sourceTree = "<group>"; };
		364B05D728BD9887007D3ECF /* BioAuthenticator.entitlements */ = {isa = PBXFileReference; lastKnownFileType = text.plist.entitlements; path = BioAuthenticator.entitlements; sourceTree = "<group>"; };
		364B05D928BD9887007D3ECF /* ExternalAccessory.framework */ = {isa = PBXFileReference; lastKnownFileType = wrapper.framework; name = ExternalAccessory.framework; path = System/Library/Frameworks/ExternalAccessory.framework; sourceTree = SDKROOT; };
		364B05DB28BE3B58007D3ECF /* Info.plist */ = {isa = PBXFileReference; lastKnownFileType = text.plist; path = Info.plist; sourceTree = "<group>"; };
		364B05DC28BF81B9007D3ECF /* CodeScanner.swift */ = {isa = PBXFileReference; fileEncoding = 4; lastKnownFileType = sourcecode.swift; path = CodeScanner.swift; sourceTree = "<group>"; };
		364B05DD28BF81BA007D3ECF /* ScannerViewController.swift */ = {isa = PBXFileReference; fileEncoding = 4; lastKnownFileType = sourcecode.swift; path = ScannerViewController.swift; sourceTree = "<group>"; };
		364B05E228BFA32D007D3ECF /* Utility.swift */ = {isa = PBXFileReference; lastKnownFileType = sourcecode.swift; path = Utility.swift; sourceTree = "<group>"; };
		364B05E428BFA6DD007D3ECF /* HttpTransactions.swift */ = {isa = PBXFileReference; lastKnownFileType = sourcecode.swift; path = HttpTransactions.swift; sourceTree = "<group>"; };
		36B19B9128AB11F20040136D /* BioAuthenticator.app */ = {isa = PBXFileReference; explicitFileType = wrapper.application; includeInIndex = 0; path = BioAuthenticator.app; sourceTree = BUILT_PRODUCTS_DIR; };
		36B19B9428AB11F20040136D /* BioAuthenticatorApp.swift */ = {isa = PBXFileReference; lastKnownFileType = sourcecode.swift; path = BioAuthenticatorApp.swift; sourceTree = "<group>"; };
		36B19B9628AB11F20040136D /* ContentView.swift */ = {isa = PBXFileReference; lastKnownFileType = sourcecode.swift; path = ContentView.swift; sourceTree = "<group>"; };
		36B19B9828AB11F80040136D /* Assets.xcassets */ = {isa = PBXFileReference; lastKnownFileType = folder.assetcatalog; path = Assets.xcassets; sourceTree = "<group>"; };
		36B19B9B28AB11F80040136D /* Preview Assets.xcassets */ = {isa = PBXFileReference; lastKnownFileType = folder.assetcatalog; path = "Preview Assets.xcassets"; sourceTree = "<group>"; };
		36B19B9D28AB11F80040136D /* Persistence.swift */ = {isa = PBXFileReference; lastKnownFileType = sourcecode.swift; path = Persistence.swift; sourceTree = "<group>"; };
		36B19BA028AB11F80040136D /* BioAuthenticator.xcdatamodel */ = {isa = PBXFileReference; lastKnownFileType = wrapper.xcdatamodel; path = BioAuthenticator.xcdatamodel; sourceTree = "<group>"; };
/* End PBXFileReference section */

/* Begin PBXFrameworksBuildPhase section */
		36B19B8E28AB11F20040136D /* Frameworks */ = {
			isa = PBXFrameworksBuildPhase;
			buildActionMask = 2147483647;
			files = (
				364B05DA28BD9887007D3ECF /* ExternalAccessory.framework in Frameworks */,
			);
			runOnlyForDeploymentPostprocessing = 0;
		};
/* End PBXFrameworksBuildPhase section */

/* Begin PBXGroup section */
		364B05D828BD9887007D3ECF /* Frameworks */ = {
			isa = PBXGroup;
			children = (
				364B05D928BD9887007D3ECF /* ExternalAccessory.framework */,
			);
			name = Frameworks;
			sourceTree = "<group>";
		};
		36B19B8828AB11F20040136D = {
			isa = PBXGroup;
			children = (
				36B19B9328AB11F20040136D /* BioAuthenticator */,
				36B19B9228AB11F20040136D /* Products */,
				364B05D828BD9887007D3ECF /* Frameworks */,
			);
			sourceTree = "<group>";
		};
		36B19B9228AB11F20040136D /* Products */ = {
			isa = PBXGroup;
			children = (
				36B19B9128AB11F20040136D /* BioAuthenticator.app */,
			);
			name = Products;
			sourceTree = "<group>";
		};
		36B19B9328AB11F20040136D /* BioAuthenticator */ = {
			isa = PBXGroup;
			children = (
				364B05DC28BF81B9007D3ECF /* CodeScanner.swift */,
				364B05DD28BF81BA007D3ECF /* ScannerViewController.swift */,
				364B05DB28BE3B58007D3ECF /* Info.plist */,
				364B05D728BD9887007D3ECF /* BioAuthenticator.entitlements */,
				36B19B9428AB11F20040136D /* BioAuthenticatorApp.swift */,
				36B19B9628AB11F20040136D /* ContentView.swift */,
				36B19B9828AB11F80040136D /* Assets.xcassets */,
				36B19B9D28AB11F80040136D /* Persistence.swift */,
				36B19B9F28AB11F80040136D /* BioAuthenticator.xcdatamodeld */,
				36B19B9A28AB11F80040136D /* Preview Content */,
				364B05D528BD96AC007D3ECF /* BLEPeripheralController.swift */,
				364B05E228BFA32D007D3ECF /* Utility.swift */,
				364B05E428BFA6DD007D3ECF /* HttpTransactions.swift */,
			);
			path = BioAuthenticator;
			sourceTree = "<group>";
		};
		36B19B9A28AB11F80040136D /* Preview Content */ = {
			isa = PBXGroup;
			children = (
				36B19B9B28AB11F80040136D /* Preview Assets.xcassets */,
			);
			path = "Preview Content";
			sourceTree = "<group>";
		};
/* End PBXGroup section */

/* Begin PBXNativeTarget section */
		36B19B9028AB11F20040136D /* BioAuthenticator */ = {
			isa = PBXNativeTarget;
			buildConfigurationList = 36B19BA428AB11F80040136D /* Build configuration list for PBXNativeTarget "BioAuthenticator" */;
			buildPhases = (
				36B19B8D28AB11F20040136D /* Sources */,
				36B19B8E28AB11F20040136D /* Frameworks */,
				36B19B8F28AB11F20040136D /* Resources */,
			);
			buildRules = (
			);
			dependencies = (
			);
			name = BioAuthenticator;
			productName = BioAuthenticator;
			productReference = 36B19B9128AB11F20040136D /* BioAuthenticator.app */;
			productType = "com.apple.product-type.application";
		};
/* End PBXNativeTarget section */

/* Begin PBXProject section */
		36B19B8928AB11F20040136D /* Project object */ = {
			isa = PBXProject;
			attributes = {
				BuildIndependentTargetsInParallel = 1;
				LastSwiftUpdateCheck = 1340;
				LastUpgradeCheck = 1340;
				TargetAttributes = {
					36B19B9028AB11F20040136D = {
						CreatedOnToolsVersion = 13.4.1;
					};
				};
			};
			buildConfigurationList = 36B19B8C28AB11F20040136D /* Build configuration list for PBXProject "BioAuthenticator" */;
			compatibilityVersion = "Xcode 13.0";
			developmentRegion = en;
			hasScannedForEncodings = 0;
			knownRegions = (
				en,
				Base,
			);
			mainGroup = 36B19B8828AB11F20040136D;
			productRefGroup = 36B19B9228AB11F20040136D /* Products */;
			projectDirPath = "";
			projectRoot = "";
			targets = (
				36B19B9028AB11F20040136D /* BioAuthenticator */,
			);
		};
/* End PBXProject section */

/* Begin PBXResourcesBuildPhase section */
		36B19B8F28AB11F20040136D /* Resources */ = {
			isa = PBXResourcesBuildPhase;
			buildActionMask = 2147483647;
			files = (
				36B19B9C28AB11F80040136D /* Preview Assets.xcassets in Resources */,
				36B19B9928AB11F80040136D /* Assets.xcassets in Resources */,
			);
			runOnlyForDeploymentPostprocessing = 0;
		};
/* End PBXResourcesBuildPhase section */

/* Begin PBXSourcesBuildPhase section */
		36B19B8D28AB11F20040136D /* Sources */ = {
			isa = PBXSourcesBuildPhase;
			buildActionMask = 2147483647;
			files = (
				364B05DF28BF81BA007D3ECF /* ScannerViewController.swift in Sources */,
				36B19B9E28AB11F80040136D /* Persistence.swift in Sources */,
				36B19B9728AB11F20040136D /* ContentView.swift in Sources */,
				364B05E528BFA6DD007D3ECF /* HttpTransactions.swift in Sources */,
				364B05D628BD96AC007D3ECF /* BLEPeripheralController.swift in Sources */,
				364B05E328BFA32D007D3ECF /* Utility.swift in Sources */,
				364B05DE28BF81BA007D3ECF /* CodeScanner.swift in Sources */,
				36B19BA128AB11F80040136D /* BioAuthenticator.xcdatamodeld in Sources */,
				36B19B9528AB11F20040136D /* BioAuthenticatorApp.swift in Sources */,
			);
			runOnlyForDeploymentPostprocessing = 0;
		};
/* End PBXSourcesBuildPhase section */

/* Begin XCBuildConfiguration section */
		36B19BA228AB11F80040136D /* Debug */ = {
			isa = XCBuildConfiguration;
			buildSettings = {
				ALWAYS_SEARCH_USER_PATHS = NO;
				CLANG_ANALYZER_NONNULL = YES;
				CLANG_ANALYZER_NUMBER_OBJECT_CONVERSION = YES_AGGRESSIVE;
				CLANG_CXX_LANGUAGE_STANDARD = "gnu++17";
				CLANG_ENABLE_MODULES = YES;
				CLANG_ENABLE_OBJC_ARC = YES;
				CLANG_ENABLE_OBJC_WEAK = YES;
				CLANG_WARN_BLOCK_CAPTURE_AUTORELEASING = YES;
				CLANG_WARN_BOOL_CONVERSION = YES;
				CLANG_WARN_COMMA = YES;
				CLANG_WARN_CONSTANT_CONVERSION = YES;
				CLANG_WARN_DEPRECATED_OBJC_IMPLEMENTATIONS = YES;
				CLANG_WARN_DIRECT_OBJC_ISA_USAGE = YES_ERROR;
				CLANG_WARN_DOCUMENTATION_COMMENTS = YES;
				CLANG_WARN_EMPTY_BODY = YES;
				CLANG_WARN_ENUM_CONVERSION = YES;
				CLANG_WARN_INFINITE_RECURSION = YES;
				CLANG_WARN_INT_CONVERSION = YES;
				CLANG_WARN_NON_LITERAL_NULL_CONVERSION = YES;
				CLANG_WARN_OBJC_IMPLICIT_RETAIN_SELF = YES;
				CLANG_WARN_OBJC_LITERAL_CONVERSION = YES;
				CLANG_WARN_OBJC_ROOT_CLASS = YES_ERROR;
				CLANG_WARN_QUOTED_INCLUDE_IN_FRAMEWORK_HEADER = YES;
				CLANG_WARN_RANGE_LOOP_ANALYSIS = YES;
				CLANG_WARN_STRICT_PROTOTYPES = YES;
				CLANG_WARN_SUSPICIOUS_MOVE = YES;
				CLANG_WARN_UNGUARDED_AVAILABILITY = YES_AGGRESSIVE;
				CLANG_WARN_UNREACHABLE_CODE = YES;
				CLANG_WARN__DUPLICATE_METHOD_MATCH = YES;
				COPY_PHASE_STRIP = NO;
				DEBUG_INFORMATION_FORMAT = dwarf;
				ENABLE_STRICT_OBJC_MSGSEND = YES;
				ENABLE_TESTABILITY = YES;
				GCC_C_LANGUAGE_STANDARD = gnu11;
				GCC_DYNAMIC_NO_PIC = NO;
				GCC_NO_COMMON_BLOCKS = YES;
				GCC_OPTIMIZATION_LEVEL = 0;
				GCC_PREPROCESSOR_DEFINITIONS = (
					"DEBUG=1",
					"$(inherited)",
				);
				GCC_WARN_64_TO_32_BIT_CONVERSION = YES;
				GCC_WARN_ABOUT_RETURN_TYPE = YES_ERROR;
				GCC_WARN_UNDECLARED_SELECTOR = YES;
				GCC_WARN_UNINITIALIZED_AUTOS = YES_AGGRESSIVE;
				GCC_WARN_UNUSED_FUNCTION = YES;
				GCC_WARN_UNUSED_VARIABLE = YES;
				IPHONEOS_DEPLOYMENT_TARGET = 15.5;
				MTL_ENABLE_DEBUG_INFO = INCLUDE_SOURCE;
				MTL_FAST_MATH = YES;
				ONLY_ACTIVE_ARCH = YES;
				SDKROOT = iphoneos;
				SWIFT_ACTIVE_COMPILATION_CONDITIONS = DEBUG;
				SWIFT_OPTIMIZATION_LEVEL = "-Onone";
			};
			name = Debug;
		};
		36B19BA328AB11F80040136D /* Release */ = {
			isa = XCBuildConfiguration;
			buildSettings = {
				ALWAYS_SEARCH_USER_PATHS = NO;
				CLANG_ANALYZER_NONNULL = YES;
				CLANG_ANALYZER_NUMBER_OBJECT_CONVERSION = YES_AGGRESSIVE;
				CLANG_CXX_LANGUAGE_STANDARD = "gnu++17";
				CLANG_ENABLE_MODULES = YES;
				CLANG_ENABLE_OBJC_ARC = YES;
				CLANG_ENABLE_OBJC_WEAK = YES;
				CLANG_WARN_BLOCK_CAPTURE_AUTORELEASING = YES;
				CLANG_WARN_BOOL_CONVERSION = YES;
				CLANG_WARN_COMMA = YES;
				CLANG_WARN_CONSTANT_CONVERSION = YES;
				CLANG_WARN_DEPRECATED_OBJC_IMPLEMENTATIONS = YES;
				CLANG_WARN_DIRECT_OBJC_ISA_USAGE = YES_ERROR;
				CLANG_WARN_DOCUMENTATION_COMMENTS = YES;
				CLANG_WARN_EMPTY_BODY = YES;
				CLANG_WARN_ENUM_CONVERSION = YES;
				CLANG_WARN_INFINITE_RECURSION = YES;
				CLANG_WARN_INT_CONVERSION = YES;
				CLANG_WARN_NON_LITERAL_NULL_CONVERSION = YES;
				CLANG_WARN_OBJC_IMPLICIT_RETAIN_SELF = YES;
				CLANG_WARN_OBJC_LITERAL_CONVERSION = YES;
				CLANG_WARN_OBJC_ROOT_CLASS = YES_ERROR;
				CLANG_WARN_QUOTED_INCLUDE_IN_FRAMEWORK_HEADER = YES;
				CLANG_WARN_RANGE_LOOP_ANALYSIS = YES;
				CLANG_WARN_STRICT_PROTOTYPES = YES;
				CLANG_WARN_SUSPICIOUS_MOVE = YES;
				CLANG_WARN_UNGUARDED_AVAILABILITY = YES_AGGRESSIVE;
				CLANG_WARN_UNREACHABLE_CODE = YES;
				CLANG_WARN__DUPLICATE_METHOD_MATCH = YES;
				COPY_PHASE_STRIP = NO;
				DEBUG_INFORMATION_FORMAT = "dwarf-with-dsym";
				ENABLE_NS_ASSERTIONS = NO;
				ENABLE_STRICT_OBJC_MSGSEND = YES;
				GCC_C_LANGUAGE_STANDARD = gnu11;
				GCC_NO_COMMON_BLOCKS = YES;
				GCC_WARN_64_TO_32_BIT_CONVERSION = YES;
				GCC_WARN_ABOUT_RETURN_TYPE = YES_ERROR;
				GCC_WARN_UNDECLARED_SELECTOR = YES;
				GCC_WARN_UNINITIALIZED_AUTOS = YES_AGGRESSIVE;
				GCC_WARN_UNUSED_FUNCTION = YES;
				GCC_WARN_UNUSED_VARIABLE = YES;
				IPHONEOS_DEPLOYMENT_TARGET = 15.5;
				MTL_ENABLE_DEBUG_INFO = NO;
				MTL_FAST_MATH = YES;
				SDKROOT = iphoneos;
				SWIFT_COMPILATION_MODE = wholemodule;
				SWIFT_OPTIMIZATION_LEVEL = "-O";
				VALIDATE_PRODUCT = YES;
			};
			name = Release;
		};
		36B19BA528AB11F80040136D /* Debug */ = {
			isa = XCBuildConfiguration;
			buildSettings = {
				ASSETCATALOG_COMPILER_APPICON_NAME = AppIcon;
				ASSETCATALOG_COMPILER_GLOBAL_ACCENT_COLOR_NAME = AccentColor;
				CODE_SIGN_ENTITLEMENTS = BioAuthenticator/BioAuthenticator.entitlements;
				CODE_SIGN_IDENTITY = "Apple Development";
				CODE_SIGN_STYLE = Automatic;
				CURRENT_PROJECT_VERSION = 1;
				DEVELOPMENT_ASSET_PATHS = "\"BioAuthenticator/Preview Content\"";
				DEVELOPMENT_TEAM = 34KF2N2J26;
				ENABLE_PREVIEWS = YES;
				GENERATE_INFOPLIST_FILE = YES;
				INFOPLIST_FILE = BioAuthenticator/Info.plist;
				INFOPLIST_KEY_UIApplicationSceneManifest_Generation = YES;
				INFOPLIST_KEY_UIApplicationSupportsIndirectInputEvents = YES;
				INFOPLIST_KEY_UILaunchScreen_Generation = YES;
				INFOPLIST_KEY_UISupportedInterfaceOrientations_iPad = "UIInterfaceOrientationPortrait UIInterfaceOrientationPortraitUpsideDown UIInterfaceOrientationLandscapeLeft UIInterfaceOrientationLandscapeRight";
				INFOPLIST_KEY_UISupportedInterfaceOrientations_iPhone = "UIInterfaceOrientationPortrait UIInterfaceOrientationLandscapeLeft UIInterfaceOrientationLandscapeRight";
				LD_RUNPATH_SEARCH_PATHS = (
					"$(inherited)",
					"@executable_path/Frameworks",
				);
				MARKETING_VERSION = 1.0;
				PRODUCT_BUNDLE_IDENTIFIER = TeamPlus.BioAuthenticator;
				PRODUCT_NAME = "$(TARGET_NAME)";
				PROVISIONING_PROFILE_SPECIFIER = "";
				SWIFT_EMIT_LOC_STRINGS = YES;
				SWIFT_VERSION = 5.0;
				TARGETED_DEVICE_FAMILY = "1,2";
			};
			name = Debug;
		};
		36B19BA628AB11F80040136D /* Release */ = {
			isa = XCBuildConfiguration;
			buildSettings = {
				ASSETCATALOG_COMPILER_APPICON_NAME = AppIcon;
				ASSETCATALOG_COMPILER_GLOBAL_ACCENT_COLOR_NAME = AccentColor;
				CODE_SIGN_ENTITLEMENTS = BioAuthenticator/BioAuthenticator.entitlements;
				CODE_SIGN_IDENTITY = "Apple Development";
				CODE_SIGN_STYLE = Automatic;
				CURRENT_PROJECT_VERSION = 1;
				DEVELOPMENT_ASSET_PATHS = "\"BioAuthenticator/Preview Content\"";
				DEVELOPMENT_TEAM = 34KF2N2J26;
				ENABLE_PREVIEWS = YES;
				GENERATE_INFOPLIST_FILE = YES;
				INFOPLIST_FILE = BioAuthenticator/Info.plist;
				INFOPLIST_KEY_UIApplicationSceneManifest_Generation = YES;
				INFOPLIST_KEY_UIApplicationSupportsIndirectInputEvents = YES;
				INFOPLIST_KEY_UILaunchScreen_Generation = YES;
				INFOPLIST_KEY_UISupportedInterfaceOrientations_iPad = "UIInterfaceOrientationPortrait UIInterfaceOrientationPortraitUpsideDown UIInterfaceOrientationLandscapeLeft UIInterfaceOrientationLandscapeRight";
				INFOPLIST_KEY_UISupportedInterfaceOrientations_iPhone = "UIInterfaceOrientationPortrait UIInterfaceOrientationLandscapeLeft UIInterfaceOrientationLandscapeRight";
				LD_RUNPATH_SEARCH_PATHS = (
					"$(inherited)",
					"@executable_path/Frameworks",
				);
				MARKETING_VERSION = 1.0;
				PRODUCT_BUNDLE_IDENTIFIER = TeamPlus.BioAuthenticator;
				PRODUCT_NAME = "$(TARGET_NAME)";
				PROVISIONING_PROFILE_SPECIFIER = "";
				SWIFT_EMIT_LOC_STRINGS = YES;
				SWIFT_VERSION = 5.0;
				TARGETED_DEVICE_FAMILY = "1,2";
			};
			name = Release;
		};
/* End XCBuildConfiguration section */

/* Begin XCConfigurationList section */
		36B19B8C28AB11F20040136D /* Build configuration list for PBXProject "BioAuthenticator" */ = {
			isa = XCConfigurationList;
			buildConfigurations = (
				36B19BA228AB11F80040136D /* Debug */,
				36B19BA328AB11F80040136D /* Release */,
			);
			defaultConfigurationIsVisible = 0;
			defaultConfigurationName = Release;
		};
		36B19BA428AB11F80040136D /* Build configuration list for PBXNativeTarget "BioAuthenticator" */ = {
			isa = XCConfigurationList;
			buildConfigurations = (
				36B19BA528AB11F80040136D /* Debug */,
				36B19BA628AB11F80040136D /* Release */,
			);
			defaultConfigurationIsVisible = 0;
			defaultConfigurationName = Release;
		};
/* End XCConfigurationList section */

/* Begin XCVersionGroup section */
		36B19B9F28AB11F80040136D /* BioAuthenticator.xcdatamodeld */ = {
			isa = XCVersionGroup;
			children = (
				36B19BA028AB11F80040136D /* BioAuthenticator.xcdatamodel */,
			);
			currentVersion = 36B19BA028AB11F80040136D /* BioAuthenticator.xcdatamodel */;
			path = BioAuthenticator.xcdatamodeld;
			sourceTree = "<group>";
			versionGroupType = wrapper.xcdatamodel;
		};
/* End XCVersionGroup section */
	};
	rootObject = 36B19B8928AB11F20040136D /* Project object */;
}
